
Microsoft Visual Studio Solution File, Format Version 12.00
# Visual Studio 2012
Project("{FAE04EC0-301F-11D3-BF4B-00C04F79EFBC}") = "Chapter1", "Chapter1\Chapter1.csproj", "{6C0DB302-2BB6-4A8B-B3F4-0DF47CEFE2A6}"
EndProject
Project("{FAE04EC0-301F-11D3-BF4B-00C04F79EFBC}") = "Chapter1Tests", "Chapter1Tests\Chapter1Tests.csproj", "{DD3D3699-6989-4C6E-B3C8-D2F78B656DA0}"
EndProject
Project("{FAE04EC0-301F-11D3-BF4B-00C04F79EFBC}") = "WPFConcurrency", "WPFConcurrency\WPFConcurrency.csproj", "{5D189204-5500-494A-AB2E-7789CC78C4FA}"
EndProject
Project("{2150E333-8FDC-42A3-9474-1A3956D46DE8}") = ".nuget", ".nuget", "{5D485B8D-03A2-48CB-A8D5-0439A536029B}"
	ProjectSection(SolutionItems) = preProject
		.nuget\packages.config = .nuget\packages.config
	EndProjectSection
EndProject
Project("{FAE04EC0-301F-11D3-BF4B-00C04F79EFBC}") = "Chapter2", "Chapter2\Chapter2.csproj", "{D30EC77C-9D07-4C2B-9519-70F095CDE8A8}"
EndProject
Project("{FAE04EC0-301F-11D3-BF4B-00C04F79EFBC}") = "Chapter2Tests", "Chapter2Tests\Chapter2Tests.csproj", "{0FCB7F02-1BE6-4987-8C71-6EE35EF0B95A}"
EndProject
Project("{FAE04EC0-301F-11D3-BF4B-00C04F79EFBC}") = "SimpleConcurrency", "SimpleConcurrency\SimpleConcurrency.csproj", "{D0880890-9EB0-43F1-981D-E8CE397AD106}"
EndProject
Project("{FAE04EC0-301F-11D3-BF4B-00C04F79EFBC}") = "HelperTools", "HelperTools\HelperTools.csproj", "{C6DC3C5D-F242-4D66-A287-A57095C67EFE}"
EndProject
Project("{FAE04EC0-301F-11D3-BF4B-00C04F79EFBC}") = "BackgroundForegroundThreadDemo", "BackgroundForegroundThreadDemo\BackgroundForegroundThreadDemo.csproj", "{97A90753-B5A7-4509-AF7C-03694B2ED631}"
EndProject
Project("{FAE04EC0-301F-11D3-BF4B-00C04F79EFBC}") = "SubscribeOnObserveOnDemo", "SubscribeObserveOnThreadPool\SubscribeOnObserveOnDemo.csproj", "{BB15D871-0B9C-4A9F-A82E-FA29E1C9C0BC}"
EndProject
Project("{FAE04EC0-301F-11D3-BF4B-00C04F79EFBC}") = "DisposingFile", "DisposingFile\DisposingFile.csproj", "{F0A5E87F-5914-4A22-A683-6BD0A5AAB3E2}"
EndProject
Project("{FAE04EC0-301F-11D3-BF4B-00C04F79EFBC}") = "WPFObserveWithDispatcher", "WPFObserveWithDispatcher\WPFObserveWithDispatcher.csproj", "{543A44E3-CA89-47E9-8C7D-72EF86AF6DD9}"
EndProject
Global
	GlobalSection(SolutionConfigurationPlatforms) = preSolution
		Debug|Any CPU = Debug|Any CPU
		Release|Any CPU = Release|Any CPU
	EndGlobalSection
	GlobalSection(ProjectConfigurationPlatforms) = postSolution
		{6C0DB302-2BB6-4A8B-B3F4-0DF47CEFE2A6}.Debug|Any CPU.ActiveCfg = Debug|Any CPU
		{6C0DB302-2BB6-4A8B-B3F4-0DF47CEFE2A6}.Debug|Any CPU.Build.0 = Debug|Any CPU
		{6C0DB302-2BB6-4A8B-B3F4-0DF47CEFE2A6}.Release|Any CPU.ActiveCfg = Release|Any CPU
		{6C0DB302-2BB6-4A8B-B3F4-0DF47CEFE2A6}.Release|Any CPU.Build.0 = Release|Any CPU
		{DD3D3699-6989-4C6E-B3C8-D2F78B656DA0}.Debug|Any CPU.ActiveCfg = Debug|Any CPU
		{DD3D3699-6989-4C6E-B3C8-D2F78B656DA0}.Debug|Any CPU.Build.0 = Debug|Any CPU
		{DD3D3699-6989-4C6E-B3C8-D2F78B656DA0}.Release|Any CPU.ActiveCfg = Release|Any CPU
		{DD3D3699-6989-4C6E-B3C8-D2F78B656DA0}.Release|Any CPU.Build.0 = Release|Any CPU
		{5D189204-5500-494A-AB2E-7789CC78C4FA}.Debug|Any CPU.ActiveCfg = Debug|Any CPU
		{5D189204-5500-494A-AB2E-7789CC78C4FA}.Debug|Any CPU.Build.0 = Debug|Any CPU
		{5D189204-5500-494A-AB2E-7789CC78C4FA}.Release|Any CPU.ActiveCfg = Release|Any CPU
		{5D189204-5500-494A-AB2E-7789CC78C4FA}.Release|Any CPU.Build.0 = Release|Any CPU
		{D30EC77C-9D07-4C2B-9519-70F095CDE8A8}.Debug|Any CPU.ActiveCfg = Debug|Any CPU
		{D30EC77C-9D07-4C2B-9519-70F095CDE8A8}.Debug|Any CPU.Build.0 = Debug|Any CPU
		{D30EC77C-9D07-4C2B-9519-70F095CDE8A8}.Release|Any CPU.ActiveCfg = Release|Any CPU
		{D30EC77C-9D07-4C2B-9519-70F095CDE8A8}.Release|Any CPU.Build.0 = Release|Any CPU
		{0FCB7F02-1BE6-4987-8C71-6EE35EF0B95A}.Debug|Any CPU.ActiveCfg = Debug|Any CPU
		{0FCB7F02-1BE6-4987-8C71-6EE35EF0B95A}.Debug|Any CPU.Build.0 = Debug|Any CPU
		{0FCB7F02-1BE6-4987-8C71-6EE35EF0B95A}.Release|Any CPU.ActiveCfg = Release|Any CPU
		{0FCB7F02-1BE6-4987-8C71-6EE35EF0B95A}.Release|Any CPU.Build.0 = Release|Any CPU
		{D0880890-9EB0-43F1-981D-E8CE397AD106}.Debug|Any CPU.ActiveCfg = Debug|Any CPU
		{D0880890-9EB0-43F1-981D-E8CE397AD106}.Debug|Any CPU.Build.0 = Debug|Any CPU
		{D0880890-9EB0-43F1-981D-E8CE397AD106}.Release|Any CPU.ActiveCfg = Release|Any CPU
		{D0880890-9EB0-43F1-981D-E8CE397AD106}.Release|Any CPU.Build.0 = Release|Any CPU
		{C6DC3C5D-F242-4D66-A287-A57095C67EFE}.Debug|Any CPU.ActiveCfg = Debug|Any CPU
		{C6DC3C5D-F242-4D66-A287-A57095C67EFE}.Debug|Any CPU.Build.0 = Debug|Any CPU
		{C6DC3C5D-F242-4D66-A287-A57095C67EFE}.Release|Any CPU.ActiveCfg = Release|Any CPU
		{C6DC3C5D-F242-4D66-A287-A57095C67EFE}.Release|Any CPU.Build.0 = Release|Any CPU
		{97A90753-B5A7-4509-AF7C-03694B2ED631}.Debug|Any CPU.ActiveCfg = Debug|Any CPU
		{97A90753-B5A7-4509-AF7C-03694B2ED631}.Debug|Any CPU.Build.0 = Debug|Any CPU
		{97A90753-B5A7-4509-AF7C-03694B2ED631}.Release|Any CPU.ActiveCfg = Release|Any CPU
		{97A90753-B5A7-4509-AF7C-03694B2ED631}.Release|Any CPU.Build.0 = Release|Any CPU
		{BB15D871-0B9C-4A9F-A82E-FA29E1C9C0BC}.Debug|Any CPU.ActiveCfg = Debug|Any CPU
		{BB15D871-0B9C-4A9F-A82E-FA29E1C9C0BC}.Debug|Any CPU.Build.0 = Debug|Any CPU
		{BB15D871-0B9C-4A9F-A82E-FA29E1C9C0BC}.Release|Any CPU.ActiveCfg = Release|Any CPU
		{BB15D871-0B9C-4A9F-A82E-FA29E1C9C0BC}.Release|Any CPU.Build.0 = Release|Any CPU
		{F0A5E87F-5914-4A22-A683-6BD0A5AAB3E2}.Debug|Any CPU.ActiveCfg = Debug|Any CPU
		{F0A5E87F-5914-4A22-A683-6BD0A5AAB3E2}.Debug|Any CPU.Build.0 = Debug|Any CPU
		{F0A5E87F-5914-4A22-A683-6BD0A5AAB3E2}.Release|Any CPU.ActiveCfg = Release|Any CPU
		{F0A5E87F-5914-4A22-A683-6BD0A5AAB3E2}.Release|Any CPU.Build.0 = Release|Any CPU
		{543A44E3-CA89-47E9-8C7D-72EF86AF6DD9}.Debug|Any CPU.ActiveCfg = Debug|Any CPU
		{543A44E3-CA89-47E9-8C7D-72EF86AF6DD9}.Debug|Any CPU.Build.0 = Debug|Any CPU
		{543A44E3-CA89-47E9-8C7D-72EF86AF6DD9}.Release|Any CPU.ActiveCfg = Release|Any CPU
		{543A44E3-CA89-47E9-8C7D-72EF86AF6DD9}.Release|Any CPU.Build.0 = Release|Any CPU
	EndGlobalSection
	GlobalSection(SolutionProperties) = preSolution
		HideSolutionNode = FALSE
	EndGlobalSection
EndGlobal
