
Microsoft Visual Studio Solution File, Format Version 12.00
# Visual Studio 2012
Project("{FAE04EC0-301F-11D3-BF4B-00C04F79EFBC}") = "Chapter1", "Chapter1\Chapter1.csproj", "{6C0DB302-2BB6-4A8B-B3F4-0DF47CEFE2A6}"
EndProject
Project("{FAE04EC0-301F-11D3-BF4B-00C04F79EFBC}") = "Chapter1Tests", "Chapter1Tests\Chapter1Tests.csproj", "{DD3D3699-6989-4C6E-B3C8-D2F78B656DA0}"
EndProject
Project("{FAE04EC0-301F-11D3-BF4B-00C04F79EFBC}") = "WPFConcurrency", "WPFConcurrency\WPFConcurrency.csproj", "{5D189204-5500-494A-AB2E-7789CC78C4FA}"
EndProject
Project("{2150E333-8FDC-42A3-9474-1A3956D46DE8}") = ".nuget", ".nuget", "{5D485B8D-03A2-48CB-A8D5-0439A536029B}"
	ProjectSection(SolutionItems) = preProject
		.nuget\packages.config = .nuget\packages.config
	EndProjectSection
EndProject
Global
	GlobalSection(SolutionConfigurationPlatforms) = preSolution
		Debug|Any CPU = Debug|Any CPU
		Release|Any CPU = Release|Any CPU
	EndGlobalSection
	GlobalSection(ProjectConfigurationPlatforms) = postSolution
		{6C0DB302-2BB6-4A8B-B3F4-0DF47CEFE2A6}.Debug|Any CPU.ActiveCfg = Debug|Any CPU
		{6C0DB302-2BB6-4A8B-B3F4-0DF47CEFE2A6}.Debug|Any CPU.Build.0 = Debug|Any CPU
		{6C0DB302-2BB6-4A8B-B3F4-0DF47CEFE2A6}.Release|Any CPU.ActiveCfg = Release|Any CPU
		{6C0DB302-2BB6-4A8B-B3F4-0DF47CEFE2A6}.Release|Any CPU.Build.0 = Release|Any CPU
		{DD3D3699-6989-4C6E-B3C8-D2F78B656DA0}.Debug|Any CPU.ActiveCfg = Debug|Any CPU
		{DD3D3699-6989-4C6E-B3C8-D2F78B656DA0}.Debug|Any CPU.Build.0 = Debug|Any CPU
		{DD3D3699-6989-4C6E-B3C8-D2F78B656DA0}.Release|Any CPU.ActiveCfg = Release|Any CPU
		{DD3D3699-6989-4C6E-B3C8-D2F78B656DA0}.Release|Any CPU.Build.0 = Release|Any CPU
		{5D189204-5500-494A-AB2E-7789CC78C4FA}.Debug|Any CPU.ActiveCfg = Debug|Any CPU
		{5D189204-5500-494A-AB2E-7789CC78C4FA}.Debug|Any CPU.Build.0 = Debug|Any CPU
		{5D189204-5500-494A-AB2E-7789CC78C4FA}.Release|Any CPU.ActiveCfg = Release|Any CPU
		{5D189204-5500-494A-AB2E-7789CC78C4FA}.Release|Any CPU.Build.0 = Release|Any CPU
	EndGlobalSection
	GlobalSection(SolutionProperties) = preSolution
		HideSolutionNode = FALSE
	EndGlobalSection
EndGlobal
